
Microsoft Visual Studio Solution File, Format Version 12.00
# Visual Studio 2013
VisualStudioVersion = 12.0.31101.0
MinimumVisualStudioVersion = 10.0.40219.1
Project("{FAE04EC0-301F-11D3-BF4B-00C04F79EFBC}") = "AddInSpy", "AddInSpy\AddInSpy.csproj", "{5A0D7117-5711-4C74-A1D0-BC2D878BC093}"
EndProject
Project("{FAE04EC0-301F-11D3-BF4B-00C04F79EFBC}") = "AddInScanEngine", "AddInScanEngine\AddInScanEngine.csproj", "{5DAF28B6-078C-457D-9591-13DFE22C1CE3}"
EndProject
Project("{FAE04EC0-301F-11D3-BF4B-00C04F79EFBC}") = "AS", "AS\AS.csproj", "{26FB0558-0C68-49D4-96BE-CB305EE1FD1E}"
EndProject
Global
	GlobalSection(SolutionConfigurationPlatforms) = preSolution
		Debug|Any CPU = Debug|Any CPU
		Release|Any CPU = Release|Any CPU
	EndGlobalSection
	GlobalSection(ProjectConfigurationPlatforms) = postSolution
		{5A0D7117-5711-4C74-A1D0-BC2D878BC093}.Debug|Any CPU.ActiveCfg = Debug|Any CPU
		{5A0D7117-5711-4C74-A1D0-BC2D878BC093}.Debug|Any CPU.Build.0 = Debug|Any CPU
		{5A0D7117-5711-4C74-A1D0-BC2D878BC093}.Release|Any CPU.ActiveCfg = Release|Any CPU
		{5A0D7117-5711-4C74-A1D0-BC2D878BC093}.Release|Any CPU.Build.0 = Release|Any CPU
		{5DAF28B6-078C-457D-9591-13DFE22C1CE3}.Debug|Any CPU.ActiveCfg = Debug|Any CPU
		{5DAF28B6-078C-457D-9591-13DFE22C1CE3}.Debug|Any CPU.Build.0 = Debug|Any CPU
		{5DAF28B6-078C-457D-9591-13DFE22C1CE3}.Release|Any CPU.ActiveCfg = Release|Any CPU
		{5DAF28B6-078C-457D-9591-13DFE22C1CE3}.Release|Any CPU.Build.0 = Release|Any CPU
		{26FB0558-0C68-49D4-96BE-CB305EE1FD1E}.Debug|Any CPU.ActiveCfg = Debug|Any CPU
		{26FB0558-0C68-49D4-96BE-CB305EE1FD1E}.Debug|Any CPU.Build.0 = Debug|Any CPU
		{26FB0558-0C68-49D4-96BE-CB305EE1FD1E}.Release|Any CPU.ActiveCfg = Release|Any CPU
		{26FB0558-0C68-49D4-96BE-CB305EE1FD1E}.Release|Any CPU.Build.0 = Release|Any CPU
	EndGlobalSection
	GlobalSection(SolutionProperties) = preSolution
		HideSolutionNode = FALSE
	EndGlobalSection
EndGlobal
